// !$*UTF8*$!
{
	archiveVersion = 1;
	classes = {
	};
	objectVersion = 77;
	objects = {

/* Begin PBXBuildFile section */
		B1369BBA2E22A287001FEFA6 /* README.md in Resources */ = {isa = PBXBuildFile; fileRef = B1369BB92E22A287001FEFA6 /* README.md */; };
/* End PBXBuildFile section */

/* Begin PBXContainerItemProxy section */
		B1369B742E22959C001FEFA6 /* PBXContainerItemProxy */ = {
			isa = PBXContainerItemProxy;
			containerPortal = B1369B552E22959B001FEFA6 /* Project object */;
			proxyType = 1;
			remoteGlobalIDString = B1369B5C2E22959B001FEFA6;
			remoteInfo = "Crypto Price Tracker";
		};
		B1369B7E2E22959C001FEFA6 /* PBXContainerItemProxy */ = {
			isa = PBXContainerItemProxy;
			containerPortal = B1369B552E22959B001FEFA6 /* Project object */;
			proxyType = 1;
			remoteGlobalIDString = B1369B5C2E22959B001FEFA6;
			remoteInfo = "Crypto Price Tracker";
		};
/* End PBXContainerItemProxy section */

/* Begin PBXFileReference section */
		B1369B5D2E22959B001FEFA6 /* Crypto Price Tracker.app */ = {isa = PBXFileReference; explicitFileType = wrapper.application; includeInIndex = 0; path = "Crypto Price Tracker.app"; sourceTree = BUILT_PRODUCTS_DIR; };
		B1369B732E22959C001FEFA6 /* Crypto Price TrackerTests.xctest */ = {isa = PBXFileReference; explicitFileType = wrapper.cfbundle; includeInIndex = 0; path = "Crypto Price TrackerTests.xctest"; sourceTree = BUILT_PRODUCTS_DIR; };
		B1369B7D2E22959C001FEFA6 /* Crypto Price TrackerUITests.xctest */ = {isa = PBXFileReference; explicitFileType = wrapper.cfbundle; includeInIndex = 0; path = "Crypto Price TrackerUITests.xctest"; sourceTree = BUILT_PRODUCTS_DIR; };
		B1369BB92E22A287001FEFA6 /* README.md */ = {isa = PBXFileReference; lastKnownFileType = net.daringfireball.markdown; path = README.md; sourceTree = "<group>"; };
/* End PBXFileReference section */

/* Begin PBXFileSystemSynchronizedBuildFileExceptionSet section */
		B1369B852E22959D001FEFA6 /* Exceptions for "Crypto Price Tracker" folder in "Crypto Price Tracker" target */ = {
			isa = PBXFileSystemSynchronizedBuildFileExceptionSet;
			membershipExceptions = (
				Supporting/Info.plist,
			);
			target = B1369B5C2E22959B001FEFA6 /* Crypto Price Tracker */;
		};
/* End PBXFileSystemSynchronizedBuildFileExceptionSet section */

/* Begin PBXFileSystemSynchronizedRootGroup section */
		B1369B5F2E22959B001FEFA6 /* Crypto Price Tracker */ = {
			isa = PBXFileSystemSynchronizedRootGroup;
			exceptions = (
				B1369B852E22959D001FEFA6 /* Exceptions for "Crypto Price Tracker" folder in "Crypto Price Tracker" target */,
			);
			path = "Crypto Price Tracker";
			sourceTree = "<group>";
		};
		B1369B762E22959C001FEFA6 /* Crypto Price TrackerTests */ = {
			isa = PBXFileSystemSynchronizedRootGroup;
			path = "Crypto Price TrackerTests";
			sourceTree = "<group>";
		};
		B1369B802E22959C001FEFA6 /* Crypto Price TrackerUITests */ = {
			isa = PBXFileSystemSynchronizedRootGroup;
			path = "Crypto Price TrackerUITests";
			sourceTree = "<group>";
		};
/* End PBXFileSystemSynchronizedRootGroup section */

/* Begin PBXFrameworksBuildPhase section */
		B1369B5A2E22959B001FEFA6 /* Frameworks */ = {
			isa = PBXFrameworksBuildPhase;
			buildActionMask = 2147483647;
			files = (
			);
			runOnlyForDeploymentPostprocessing = 0;
		};
		B1369B702E22959C001FEFA6 /* Frameworks */ = {
			isa = PBXFrameworksBuildPhase;
			buildActionMask = 2147483647;
			files = (
			);
			runOnlyForDeploymentPostprocessing = 0;
		};
		B1369B7A2E22959C001FEFA6 /* Frameworks */ = {
			isa = PBXFrameworksBuildPhase;
			buildActionMask = 2147483647;
			files = (
			);
			runOnlyForDeploymentPostprocessing = 0;
		};
/* End PBXFrameworksBuildPhase section */

/* Begin PBXGroup section */
		B1369B542E22959B001FEFA6 = {
			isa = PBXGroup;
			children = (
				B1369BB92E22A287001FEFA6 /* README.md */,
				B1369B5F2E22959B001FEFA6 /* Crypto Price Tracker */,
				B1369B762E22959C001FEFA6 /* Crypto Price TrackerTests */,
				B1369B802E22959C001FEFA6 /* Crypto Price TrackerUITests */,
				B1369B5E2E22959B001FEFA6 /* Products */,
			);
			sourceTree = "<group>";
		};
		B1369B5E2E22959B001FEFA6 /* Products */ = {
			isa = PBXGroup;
			children = (
				B1369B5D2E22959B001FEFA6 /* Crypto Price Tracker.app */,
				B1369B732E22959C001FEFA6 /* Crypto Price TrackerTests.xctest */,
				B1369B7D2E22959C001FEFA6 /* Crypto Price TrackerUITests.xctest */,
			);
			name = Products;
			sourceTree = "<group>";
		};
/* End PBXGroup section */

/* Begin PBXNativeTarget section */
		B1369B5C2E22959B001FEFA6 /* Crypto Price Tracker */ = {
			isa = PBXNativeTarget;
			buildConfigurationList = B1369B862E22959D001FEFA6 /* Build configuration list for PBXNativeTarget "Crypto Price Tracker" */;
			buildPhases = (
				B1369B592E22959B001FEFA6 /* Sources */,
				B1369B5A2E22959B001FEFA6 /* Frameworks */,
				B1369B5B2E22959B001FEFA6 /* Resources */,
			);
			buildRules = (
			);
			dependencies = (
			);
			fileSystemSynchronizedGroups = (
				B1369B5F2E22959B001FEFA6 /* Crypto Price Tracker */,
			);
			name = "Crypto Price Tracker";
			packageProductDependencies = (
			);
			productName = "Crypto Price Tracker";
			productReference = B1369B5D2E22959B001FEFA6 /* Crypto Price Tracker.app */;
			productType = "com.apple.product-type.application";
		};
		B1369B722E22959C001FEFA6 /* Crypto Price TrackerTests */ = {
			isa = PBXNativeTarget;
			buildConfigurationList = B1369B8B2E22959D001FEFA6 /* Build configuration list for PBXNativeTarget "Crypto Price TrackerTests" */;
			buildPhases = (
				B1369B6F2E22959C001FEFA6 /* Sources */,
				B1369B702E22959C001FEFA6 /* Frameworks */,
				B1369B712E22959C001FEFA6 /* Resources */,
			);
			buildRules = (
			);
			dependencies = (
				B1369B752E22959C001FEFA6 /* PBXTargetDependency */,
			);
			fileSystemSynchronizedGroups = (
				B1369B762E22959C001FEFA6 /* Crypto Price TrackerTests */,
			);
			name = "Crypto Price TrackerTests";
			packageProductDependencies = (
			);
			productName = "Crypto Price TrackerTests";
			productReference = B1369B732E22959C001FEFA6 /* Crypto Price TrackerTests.xctest */;
			productType = "com.apple.product-type.bundle.unit-test";
		};
		B1369B7C2E22959C001FEFA6 /* Crypto Price TrackerUITests */ = {
			isa = PBXNativeTarget;
			buildConfigurationList = B1369B8E2E22959D001FEFA6 /* Build configuration list for PBXNativeTarget "Crypto Price TrackerUITests" */;
			buildPhases = (
				B1369B792E22959C001FEFA6 /* Sources */,
				B1369B7A2E22959C001FEFA6 /* Frameworks */,
				B1369B7B2E22959C001FEFA6 /* Resources */,
			);
			buildRules = (
			);
			dependencies = (
				B1369B7F2E22959C001FEFA6 /* PBXTargetDependency */,
			);
			fileSystemSynchronizedGroups = (
				B1369B802E22959C001FEFA6 /* Crypto Price TrackerUITests */,
			);
			name = "Crypto Price TrackerUITests";
			packageProductDependencies = (
			);
			productName = "Crypto Price TrackerUITests";
			productReference = B1369B7D2E22959C001FEFA6 /* Crypto Price TrackerUITests.xctest */;
			productType = "com.apple.product-type.bundle.ui-testing";
		};
/* End PBXNativeTarget section */

/* Begin PBXProject section */
		B1369B552E22959B001FEFA6 /* Project object */ = {
			isa = PBXProject;
			attributes = {
				BuildIndependentTargetsInParallel = 1;
				LastSwiftUpdateCheck = 1640;
				LastUpgradeCheck = 1640;
				TargetAttributes = {
					B1369B5C2E22959B001FEFA6 = {
						CreatedOnToolsVersion = 16.4;
					};
					B1369B722E22959C001FEFA6 = {
						CreatedOnToolsVersion = 16.4;
						TestTargetID = B1369B5C2E22959B001FEFA6;
					};
					B1369B7C2E22959C001FEFA6 = {
						CreatedOnToolsVersion = 16.4;
						TestTargetID = B1369B5C2E22959B001FEFA6;
					};
				};
			};
			buildConfigurationList = B1369B582E22959B001FEFA6 /* Build configuration list for PBXProject "Crypto Price Tracker" */;
			developmentRegion = en;
			hasScannedForEncodings = 0;
			knownRegions = (
				en,
				Base,
			);
			mainGroup = B1369B542E22959B001FEFA6;
			minimizedProjectReferenceProxies = 1;
			preferredProjectObjectVersion = 77;
			productRefGroup = B1369B5E2E22959B001FEFA6 /* Products */;
			projectDirPath = "";
			projectRoot = "";
			targets = (
				B1369B5C2E22959B001FEFA6 /* Crypto Price Tracker */,
				B1369B722E22959C001FEFA6 /* Crypto Price TrackerTests */,
				B1369B7C2E22959C001FEFA6 /* Crypto Price TrackerUITests */,
			);
		};
/* End PBXProject section */

/* Begin PBXResourcesBuildPhase section */
		B1369B5B2E22959B001FEFA6 /* Resources */ = {
			isa = PBXResourcesBuildPhase;
			buildActionMask = 2147483647;
			files = (
				B1369BBA2E22A287001FEFA6 /* README.md in Resources */,
			);
			runOnlyForDeploymentPostprocessing = 0;
		};
		B1369B712E22959C001FEFA6 /* Resources */ = {
			isa = PBXResourcesBuildPhase;
			buildActionMask = 2147483647;
			files = (
			);
			runOnlyForDeploymentPostprocessing = 0;
		};
		B1369B7B2E22959C001FEFA6 /* Resources */ = {
			isa = PBXResourcesBuildPhase;
			buildActionMask = 2147483647;
			files = (
			);
			runOnlyForDeploymentPostprocessing = 0;
		};
/* End PBXResourcesBuildPhase section */

/* Begin PBXSourcesBuildPhase section */
		B1369B592E22959B001FEFA6 /* Sources */ = {
			isa = PBXSourcesBuildPhase;
			buildActionMask = 2147483647;
			files = (
			);
			runOnlyForDeploymentPostprocessing = 0;
		};
		B1369B6F2E22959C001FEFA6 /* Sources */ = {
			isa = PBXSourcesBuildPhase;
			buildActionMask = 2147483647;
			files = (
			);
			runOnlyForDeploymentPostprocessing = 0;
		};
		B1369B792E22959C001FEFA6 /* Sources */ = {
			isa = PBXSourcesBuildPhase;
			buildActionMask = 2147483647;
			files = (
			);
			runOnlyForDeploymentPostprocessing = 0;
		};
/* End PBXSourcesBuildPhase section */

/* Begin PBXTargetDependency section */
		B1369B752E22959C001FEFA6 /* PBXTargetDependency */ = {
			isa = PBXTargetDependency;
			target = B1369B5C2E22959B001FEFA6 /* Crypto Price Tracker */;
			targetProxy = B1369B742E22959C001FEFA6 /* PBXContainerItemProxy */;
		};
		B1369B7F2E22959C001FEFA6 /* PBXTargetDependency */ = {
			isa = PBXTargetDependency;
			target = B1369B5C2E22959B001FEFA6 /* Crypto Price Tracker */;
			targetProxy = B1369B7E2E22959C001FEFA6 /* PBXContainerItemProxy */;
		};
/* End PBXTargetDependency section */

/* Begin XCBuildConfiguration section */
		B1369B872E22959D001FEFA6 /* Debug */ = {
			isa = XCBuildConfiguration;
			buildSettings = {
				ASSETCATALOG_COMPILER_APPICON_NAME = AppIcon;
				ASSETCATALOG_COMPILER_GLOBAL_ACCENT_COLOR_NAME = AccentColor;
				CODE_SIGN_STYLE = Automatic;
				CURRENT_PROJECT_VERSION = 1;
				DEVELOPMENT_TEAM = 89TVPT6RTP;
				GENERATE_INFOPLIST_FILE = YES;
				INFOPLIST_FILE = "Crypto Price Tracker/Supporting/Info.plist";
				INFOPLIST_KEY_UIApplicationSupportsIndirectInputEvents = YES;
				INFOPLIST_KEY_UILaunchStoryboardName = LaunchScreen;
				INFOPLIST_KEY_UISupportedInterfaceOrientations = "UIInterfaceOrientationLandscapeRight UIInterfaceOrientationPortrait";
				INFOPLIST_KEY_UISupportedInterfaceOrientations_iPad = "UIInterfaceOrientationLandscapeLeft UIInterfaceOrientationLandscapeRight UIInterfaceOrientationPortrait UIInterfaceOrientationPortraitUpsideDown";
				LD_RUNPATH_SEARCH_PATHS = (
					"$(inherited)",
					"@executable_path/Frameworks",
				);
				MARKETING_VERSION = 1.0;
				PRODUCT_BUNDLE_IDENTIFIER = "com.abhishek.kapoor.Crypto-Price-Tracker";
				PRODUCT_NAME = "$(TARGET_NAME)";
				SWIFT_EMIT_LOC_STRINGS = YES;
				SWIFT_VERSION = 5.0;
				TARGETED_DEVICE_FAMILY = "1,2";
			};
			name = Debug;
		};
		B1369B882E22959D001FEFA6 /* Release */ = {
			isa = XCBuildConfiguration;
			buildSettings = {
				ASSETCATALOG_COMPILER_APPICON_NAME = AppIcon;
				ASSETCATALOG_COMPILER_GLOBAL_ACCENT_COLOR_NAME = AccentColor;
				CODE_SIGN_STYLE = Automatic;
				CURRENT_PROJECT_VERSION = 1;
				DEVELOPMENT_TEAM = 89TVPT6RTP;
				GENERATE_INFOPLIST_FILE = YES;
				INFOPLIST_FILE = "Crypto Price Tracker/Supporting/Info.plist";
				INFOPLIST_KEY_UIApplicationSupportsIndirectInputEvents = YES;
				INFOPLIST_KEY_UILaunchStoryboardName = LaunchScreen;
				INFOPLIST_KEY_UISupportedInterfaceOrientations = "UIInterfaceOrientationLandscapeRight UIInterfaceOrientationPortrait";
				INFOPLIST_KEY_UISupportedInterfaceOrientations_iPad = "UIInterfaceOrientationLandscapeLeft UIInterfaceOrientationLandscapeRight UIInterfaceOrientationPortrait UIInterfaceOrientationPortraitUpsideDown";
				LD_RUNPATH_SEARCH_PATHS = (
					"$(inherited)",
					"@executable_path/Frameworks",
				);
				MARKETING_VERSION = 1.0;
				PRODUCT_BUNDLE_IDENTIFIER = "com.abhishek.kapoor.Crypto-Price-Tracker";
				PRODUCT_NAME = "$(TARGET_NAME)";
				SWIFT_EMIT_LOC_STRINGS = YES;
				SWIFT_VERSION = 5.0;
				TARGETED_DEVICE_FAMILY = "1,2";
			};
			name = Release;
		};
		B1369B892E22959D001FEFA6 /* Debug */ = {
			isa = XCBuildConfiguration;
			buildSettings = {
				ALWAYS_SEARCH_USER_PATHS = NO;
				ASSETCATALOG_COMPILER_GENERATE_SWIFT_ASSET_SYMBOL_EXTENSIONS = YES;
				CLANG_ANALYZER_NONNULL = YES;
				CLANG_ANALYZER_NUMBER_OBJECT_CONVERSION = YES_AGGRESSIVE;
				CLANG_CXX_LANGUAGE_STANDARD = "gnu++20";
				CLANG_ENABLE_MODULES = YES;
				CLANG_ENABLE_OBJC_ARC = YES;
				CLANG_ENABLE_OBJC_WEAK = YES;
				CLANG_WARN_BLOCK_CAPTURE_AUTORELEASING = YES;
				CLANG_WARN_BOOL_CONVERSION = YES;
				CLANG_WARN_COMMA = YES;
				CLANG_WARN_CONSTANT_CONVERSION = YES;
				CLANG_WARN_DEPRECATED_OBJC_IMPLEMENTATIONS = YES;
				CLANG_WARN_DIRECT_OBJC_ISA_USAGE = YES_ERROR;
				CLANG_WARN_DOCUMENTATION_COMMENTS = YES;
				CLANG_WARN_EMPTY_BODY = YES;
				CLANG_WARN_ENUM_CONVERSION = YES;
				CLANG_WARN_INFINITE_RECURSION = YES;
				CLANG_WARN_INT_CONVERSION = YES;
				CLANG_WARN_NON_LITERAL_NULL_CONVERSION = YES;
				CLANG_WARN_OBJC_IMPLICIT_RETAIN_SELF = YES;
				CLANG_WARN_OBJC_LITERAL_CONVERSION = YES;
				CLANG_WARN_OBJC_ROOT_CLASS = YES_ERROR;
				CLANG_WARN_QUOTED_INCLUDE_IN_FRAMEWORK_HEADER = YES;
				CLANG_WARN_RANGE_LOOP_ANALYSIS = YES;
				CLANG_WARN_STRICT_PROTOTYPES = YES;
				CLANG_WARN_SUSPICIOUS_MOVE = YES;
				CLANG_WARN_UNGUARDED_AVAILABILITY = YES_AGGRESSIVE;
				CLANG_WARN_UNREACHABLE_CODE = YES;
				CLANG_WARN__DUPLICATE_METHOD_MATCH = YES;
				COPY_PHASE_STRIP = NO;
				DEBUG_INFORMATION_FORMAT = dwarf;
				DEVELOPMENT_TEAM = 89TVPT6RTP;
				ENABLE_STRICT_OBJC_MSGSEND = YES;
				ENABLE_TESTABILITY = YES;
				ENABLE_USER_SCRIPT_SANDBOXING = YES;
				GCC_C_LANGUAGE_STANDARD = gnu17;
				GCC_DYNAMIC_NO_PIC = NO;
				GCC_NO_COMMON_BLOCKS = YES;
				GCC_OPTIMIZATION_LEVEL = 0;
				GCC_PREPROCESSOR_DEFINITIONS = (
					"DEBUG=1",
					"$(inherited)",
				);
				GCC_WARN_64_TO_32_BIT_CONVERSION = YES;
				GCC_WARN_ABOUT_RETURN_TYPE = YES_ERROR;
				GCC_WARN_UNDECLARED_SELECTOR = YES;
				GCC_WARN_UNINITIALIZED_AUTOS = YES_AGGRESSIVE;
				GCC_WARN_UNUSED_FUNCTION = YES;
				GCC_WARN_UNUSED_VARIABLE = YES;
				IPHONEOS_DEPLOYMENT_TARGET = 18.5;
				LOCALIZATION_PREFERS_STRING_CATALOGS = YES;
				MTL_ENABLE_DEBUG_INFO = INCLUDE_SOURCE;
				MTL_FAST_MATH = YES;
				ONLY_ACTIVE_ARCH = YES;
				SDKROOT = iphoneos;
				SWIFT_ACTIVE_COMPILATION_CONDITIONS = "DEBUG $(inherited)";
				SWIFT_OPTIMIZATION_LEVEL = "-Onone";
			};
			name = Debug;
		};
		B1369B8A2E22959D001FEFA6 /* Release */ = {
			isa = XCBuildConfiguration;
			buildSettings = {
				ALWAYS_SEARCH_USER_PATHS = NO;
				ASSETCATALOG_COMPILER_GENERATE_SWIFT_ASSET_SYMBOL_EXTENSIONS = YES;
				CLANG_ANALYZER_NONNULL = YES;
				CLANG_ANALYZER_NUMBER_OBJECT_CONVERSION = YES_AGGRESSIVE;
				CLANG_CXX_LANGUAGE_STANDARD = "gnu++20";
				CLANG_ENABLE_MODULES = YES;
				CLANG_ENABLE_OBJC_ARC = YES;
				CLANG_ENABLE_OBJC_WEAK = YES;
				CLANG_WARN_BLOCK_CAPTURE_AUTORELEASING = YES;
				CLANG_WARN_BOOL_CONVERSION = YES;
				CLANG_WARN_COMMA = YES;
				CLANG_WARN_CONSTANT_CONVERSION = YES;
				CLANG_WARN_DEPRECATED_OBJC_IMPLEMENTATIONS = YES;
				CLANG_WARN_DIRECT_OBJC_ISA_USAGE = YES_ERROR;
				CLANG_WARN_DOCUMENTATION_COMMENTS = YES;
				CLANG_WARN_EMPTY_BODY = YES;
				CLANG_WARN_ENUM_CONVERSION = YES;
				CLANG_WARN_INFINITE_RECURSION = YES;
				CLANG_WARN_INT_CONVERSION = YES;
				CLANG_WARN_NON_LITERAL_NULL_CONVERSION = YES;
				CLANG_WARN_OBJC_IMPLICIT_RETAIN_SELF = YES;
				CLANG_WARN_OBJC_LITERAL_CONVERSION = YES;
				CLANG_WARN_OBJC_ROOT_CLASS = YES_ERROR;
				CLANG_WARN_QUOTED_INCLUDE_IN_FRAMEWORK_HEADER = YES;
				CLANG_WARN_RANGE_LOOP_ANALYSIS = YES;
				CLANG_WARN_STRICT_PROTOTYPES = YES;
				CLANG_WARN_SUSPICIOUS_MOVE = YES;
				CLANG_WARN_UNGUARDED_AVAILABILITY = YES_AGGRESSIVE;
				CLANG_WARN_UNREACHABLE_CODE = YES;
				CLANG_WARN__DUPLICATE_METHOD_MATCH = YES;
				COPY_PHASE_STRIP = NO;
				DEBUG_INFORMATION_FORMAT = "dwarf-with-dsym";
				DEVELOPMENT_TEAM = 89TVPT6RTP;
				ENABLE_NS_ASSERTIONS = NO;
				ENABLE_STRICT_OBJC_MSGSEND = YES;
				ENABLE_USER_SCRIPT_SANDBOXING = YES;
				GCC_C_LANGUAGE_STANDARD = gnu17;
				GCC_NO_COMMON_BLOCKS = YES;
				GCC_WARN_64_TO_32_BIT_CONVERSION = YES;
				GCC_WARN_ABOUT_RETURN_TYPE = YES_ERROR;
				GCC_WARN_UNDECLARED_SELECTOR = YES;
				GCC_WARN_UNINITIALIZED_AUTOS = YES_AGGRESSIVE;
				GCC_WARN_UNUSED_FUNCTION = YES;
				GCC_WARN_UNUSED_VARIABLE = YES;
				IPHONEOS_DEPLOYMENT_TARGET = 18.5;
				LOCALIZATION_PREFERS_STRING_CATALOGS = YES;
				MTL_ENABLE_DEBUG_INFO = NO;
				MTL_FAST_MATH = YES;
				SDKROOT = iphoneos;
				SWIFT_COMPILATION_MODE = wholemodule;
				VALIDATE_PRODUCT = YES;
			};
			name = Release;
		};
		B1369B8C2E22959D001FEFA6 /* Debug */ = {
			isa = XCBuildConfiguration;
			buildSettings = {
				BUNDLE_LOADER = "$(TEST_HOST)";
				CODE_SIGN_STYLE = Automatic;
				CURRENT_PROJECT_VERSION = 1;
				DEVELOPMENT_TEAM = 89TVPT6RTP;
				GENERATE_INFOPLIST_FILE = YES;
				IPHONEOS_DEPLOYMENT_TARGET = 18.5;
				MARKETING_VERSION = 1.0;
				PRODUCT_BUNDLE_IDENTIFIER = "com.abhishek.kapoor.Crypto-Price-TrackerTests";
				PRODUCT_NAME = "$(TARGET_NAME)";
				SWIFT_EMIT_LOC_STRINGS = NO;
				SWIFT_VERSION = 5.0;
				TARGETED_DEVICE_FAMILY = "1,2";
				TEST_HOST = "$(BUILT_PRODUCTS_DIR)/Crypto Price Tracker.app/$(BUNDLE_EXECUTABLE_FOLDER_PATH)/Crypto Price Tracker";
			};
			name = Debug;
		};
		B1369B8D2E22959D001FEFA6 /* Release */ = {
			isa = XCBuildConfiguration;
			buildSettings = {
				BUNDLE_LOADER = "$(TEST_HOST)";
				CODE_SIGN_STYLE = Automatic;
				CURRENT_PROJECT_VERSION = 1;
				DEVELOPMENT_TEAM = 89TVPT6RTP;
				GENERATE_INFOPLIST_FILE = YES;
				IPHONEOS_DEPLOYMENT_TARGET = 18.5;
				MARKETING_VERSION = 1.0;
				PRODUCT_BUNDLE_IDENTIFIER = "com.abhishek.kapoor.Crypto-Price-TrackerTests";
				PRODUCT_NAME = "$(TARGET_NAME)";
				SWIFT_EMIT_LOC_STRINGS = NO;
				SWIFT_VERSION = 5.0;
				TARGETED_DEVICE_FAMILY = "1,2";
				TEST_HOST = "$(BUILT_PRODUCTS_DIR)/Crypto Price Tracker.app/$(BUNDLE_EXECUTABLE_FOLDER_PATH)/Crypto Price Tracker";
			};
			name = Release;
		};
		B1369B8F2E22959D001FEFA6 /* Debug */ = {
			isa = XCBuildConfiguration;
			buildSettings = {
				CODE_SIGN_STYLE = Automatic;
				CURRENT_PROJECT_VERSION = 1;
				DEVELOPMENT_TEAM = 89TVPT6RTP;
				GENERATE_INFOPLIST_FILE = YES;
				MARKETING_VERSION = 1.0;
				PRODUCT_BUNDLE_IDENTIFIER = "com.abhishek.kapoor.Crypto-Price-TrackerUITests";
				PRODUCT_NAME = "$(TARGET_NAME)";
				SWIFT_EMIT_LOC_STRINGS = NO;
				SWIFT_VERSION = 5.0;
				TARGETED_DEVICE_FAMILY = "1,2";
				TEST_TARGET_NAME = "Crypto Price Tracker";
			};
			name = Debug;
		};
		B1369B902E22959D001FEFA6 /* Release */ = {
			isa = XCBuildConfiguration;
			buildSettings = {
				CODE_SIGN_STYLE = Automatic;
				CURRENT_PROJECT_VERSION = 1;
				DEVELOPMENT_TEAM = 89TVPT6RTP;
				GENERATE_INFOPLIST_FILE = YES;
				MARKETING_VERSION = 1.0;
				PRODUCT_BUNDLE_IDENTIFIER = "com.abhishek.kapoor.Crypto-Price-TrackerUITests";
				PRODUCT_NAME = "$(TARGET_NAME)";
				SWIFT_EMIT_LOC_STRINGS = NO;
				SWIFT_VERSION = 5.0;
				TARGETED_DEVICE_FAMILY = "1,2";
				TEST_TARGET_NAME = "Crypto Price Tracker";
			};
			name = Release;
		};
/* End XCBuildConfiguration section */

/* Begin XCConfigurationList section */
		B1369B582E22959B001FEFA6 /* Build configuration list for PBXProject "Crypto Price Tracker" */ = {
			isa = XCConfigurationList;
			buildConfigurations = (
				B1369B892E22959D001FEFA6 /* Debug */,
				B1369B8A2E22959D001FEFA6 /* Release */,
			);
			defaultConfigurationIsVisible = 0;
			defaultConfigurationName = Release;
		};
		B1369B862E22959D001FEFA6 /* Build configuration list for PBXNativeTarget "Crypto Price Tracker" */ = {
			isa = XCConfigurationList;
			buildConfigurations = (
				B1369B872E22959D001FEFA6 /* Debug */,
				B1369B882E22959D001FEFA6 /* Release */,
			);
			defaultConfigurationIsVisible = 0;
			defaultConfigurationName = Release;
		};
		B1369B8B2E22959D001FEFA6 /* Build configuration list for PBXNativeTarget "Crypto Price TrackerTests" */ = {
			isa = XCConfigurationList;
			buildConfigurations = (
				B1369B8C2E22959D001FEFA6 /* Debug */,
				B1369B8D2E22959D001FEFA6 /* Release */,
			);
			defaultConfigurationIsVisible = 0;
			defaultConfigurationName = Release;
		};
		B1369B8E2E22959D001FEFA6 /* Build configuration list for PBXNativeTarget "Crypto Price TrackerUITests" */ = {
			isa = XCConfigurationList;
			buildConfigurations = (
				B1369B8F2E22959D001FEFA6 /* Debug */,
				B1369B902E22959D001FEFA6 /* Release */,
			);
			defaultConfigurationIsVisible = 0;
			defaultConfigurationName = Release;
		};
/* End XCConfigurationList section */
	};
	rootObject = B1369B552E22959B001FEFA6 /* Project object */;
}
